
Microsoft Visual Studio Solution File, Format Version 12.00
# Visual Studio Version 17
VisualStudioVersion = 17.5.33530.505
MinimumVisualStudioVersion = 10.0.40219.1
Project("{FAE04EC0-301F-11D3-BF4B-00C04F79EFBC}") = "LinkedList", "LinkedList\LinkedList.csproj", "{125A5081-F2B2-47B9-A0C6-E4B5A855B1ED}"
EndProject
Global
	GlobalSection(SolutionConfigurationPlatforms) = preSolution
		Debug|Any CPU = Debug|Any CPU
		Release|Any CPU = Release|Any CPU
	EndGlobalSection
	GlobalSection(ProjectConfigurationPlatforms) = postSolution
		{125A5081-F2B2-47B9-A0C6-E4B5A855B1ED}.Debug|Any CPU.ActiveCfg = Debug|Any CPU
		{125A5081-F2B2-47B9-A0C6-E4B5A855B1ED}.Debug|Any CPU.Build.0 = Debug|Any CPU
		{125A5081-F2B2-47B9-A0C6-E4B5A855B1ED}.Release|Any CPU.ActiveCfg = Release|Any CPU
		{125A5081-F2B2-47B9-A0C6-E4B5A855B1ED}.Release|Any CPU.Build.0 = Release|Any CPU
	EndGlobalSection
	GlobalSection(SolutionProperties) = preSolution
		HideSolutionNode = FALSE
	EndGlobalSection
	GlobalSection(ExtensibilityGlobals) = postSolution
		SolutionGuid = {D7740C4A-0484-435B-A581-8F00793AD063}
	EndGlobalSection
EndGlobal
